
Microsoft Visual Studio Solution File, Format Version 12.00
# Visual Studio Version 17
VisualStudioVersion = 17.10.35027.167
MinimumVisualStudioVersion = 10.0.40219.1
Project("{FAE04EC0-301F-11D3-BF4B-00C04F79EFBC}") = "Quiz5", "Quiz5\Quiz5.csproj", "{12552619-A1C0-4DDB-84A1-BCED60474CB8}"
EndProject
Global
	GlobalSection(SolutionConfigurationPlatforms) = preSolution
		Debug|Any CPU = Debug|Any CPU
		Release|Any CPU = Release|Any CPU
	EndGlobalSection
	GlobalSection(ProjectConfigurationPlatforms) = postSolution
		{12552619-A1C0-4DDB-84A1-BCED60474CB8}.Debug|Any CPU.ActiveCfg = Debug|Any CPU
		{12552619-A1C0-4DDB-84A1-BCED60474CB8}.Debug|Any CPU.Build.0 = Debug|Any CPU
		{12552619-A1C0-4DDB-84A1-BCED60474CB8}.Release|Any CPU.ActiveCfg = Release|Any CPU
		{12552619-A1C0-4DDB-84A1-BCED60474CB8}.Release|Any CPU.Build.0 = Release|Any CPU
	EndGlobalSection
	GlobalSection(SolutionProperties) = preSolution
		HideSolutionNode = FALSE
	EndGlobalSection
	GlobalSection(ExtensibilityGlobals) = postSolution
		SolutionGuid = {5C2CB67F-F28A-479C-A47E-92DD235B0E71}
	EndGlobalSection
EndGlobal
